
Microsoft Visual Studio Solution File, Format Version 12.00
# Visual Studio Version 16
VisualStudioVersion = 16.0.32126.315
MinimumVisualStudioVersion = 10.0.40219.1
Project("{FAE04EC0-301F-11D3-BF4B-00C04F79EFBC}") = "ExpReader.Android", "ExpReader.Android\ExpReader.Android.csproj", "{88DA65E1-23E0-45BB-A224-2D03BDF5EAF7}"
EndProject
Project("{FAE04EC0-301F-11D3-BF4B-00C04F79EFBC}") = "ExpReader.iOS", "ExpReader.iOS\ExpReader.iOS.csproj", "{119581E2-0B57-478C-A3B9-E528180D3B76}"
EndProject
Project("{9A19103F-16F7-4668-BE54-9A1E7A4F7556}") = "ExpReader", "ExpReader\ExpReader.csproj", "{046A6495-EC2C-4A14-B67B-2366014E60F0}"
EndProject
Project("{9A19103F-16F7-4668-BE54-9A1E7A4F7556}") = "DAL", "DAL\DAL.csproj", "{40BFE4BE-EF42-4078-A00F-6F125D0A169F}"
EndProject
Project("{9A19103F-16F7-4668-BE54-9A1E7A4F7556}") = "ExpReadersBack", "ExpReadersBack\ExpReadersBack.csproj", "{023D8D71-1851-4FC7-AC13-5BE9F659F519}"
EndProject
Global
	GlobalSection(SolutionConfigurationPlatforms) = preSolution
		Debug|Any CPU = Debug|Any CPU
		Debug|iPhone = Debug|iPhone
		Debug|iPhoneSimulator = Debug|iPhoneSimulator
		Release|Any CPU = Release|Any CPU
		Release|iPhone = Release|iPhone
		Release|iPhoneSimulator = Release|iPhoneSimulator
	EndGlobalSection
	GlobalSection(ProjectConfigurationPlatforms) = postSolution
		{88DA65E1-23E0-45BB-A224-2D03BDF5EAF7}.Debug|Any CPU.ActiveCfg = Debug|Any CPU
		{88DA65E1-23E0-45BB-A224-2D03BDF5EAF7}.Debug|Any CPU.Build.0 = Debug|Any CPU
		{88DA65E1-23E0-45BB-A224-2D03BDF5EAF7}.Debug|Any CPU.Deploy.0 = Debug|Any CPU
		{88DA65E1-23E0-45BB-A224-2D03BDF5EAF7}.Debug|iPhone.ActiveCfg = Debug|Any CPU
		{88DA65E1-23E0-45BB-A224-2D03BDF5EAF7}.Debug|iPhone.Build.0 = Debug|Any CPU
		{88DA65E1-23E0-45BB-A224-2D03BDF5EAF7}.Debug|iPhone.Deploy.0 = Debug|Any CPU
		{88DA65E1-23E0-45BB-A224-2D03BDF5EAF7}.Debug|iPhoneSimulator.ActiveCfg = Debug|Any CPU
		{88DA65E1-23E0-45BB-A224-2D03BDF5EAF7}.Debug|iPhoneSimulator.Build.0 = Debug|Any CPU
		{88DA65E1-23E0-45BB-A224-2D03BDF5EAF7}.Debug|iPhoneSimulator.Deploy.0 = Debug|Any CPU
		{88DA65E1-23E0-45BB-A224-2D03BDF5EAF7}.Release|Any CPU.ActiveCfg = Release|Any CPU
		{88DA65E1-23E0-45BB-A224-2D03BDF5EAF7}.Release|Any CPU.Build.0 = Release|Any CPU
		{88DA65E1-23E0-45BB-A224-2D03BDF5EAF7}.Release|Any CPU.Deploy.0 = Release|Any CPU
		{88DA65E1-23E0-45BB-A224-2D03BDF5EAF7}.Release|iPhone.ActiveCfg = Release|Any CPU
		{88DA65E1-23E0-45BB-A224-2D03BDF5EAF7}.Release|iPhone.Build.0 = Release|Any CPU
		{88DA65E1-23E0-45BB-A224-2D03BDF5EAF7}.Release|iPhone.Deploy.0 = Release|Any CPU
		{88DA65E1-23E0-45BB-A224-2D03BDF5EAF7}.Release|iPhoneSimulator.ActiveCfg = Release|Any CPU
		{88DA65E1-23E0-45BB-A224-2D03BDF5EAF7}.Release|iPhoneSimulator.Build.0 = Release|Any CPU
		{88DA65E1-23E0-45BB-A224-2D03BDF5EAF7}.Release|iPhoneSimulator.Deploy.0 = Release|Any CPU
		{119581E2-0B57-478C-A3B9-E528180D3B76}.Debug|Any CPU.ActiveCfg = Debug|iPhone
		{119581E2-0B57-478C-A3B9-E528180D3B76}.Debug|Any CPU.Build.0 = Debug|iPhone
		{119581E2-0B57-478C-A3B9-E528180D3B76}.Debug|Any CPU.Deploy.0 = Debug|iPhone
		{119581E2-0B57-478C-A3B9-E528180D3B76}.Debug|iPhone.ActiveCfg = Debug|iPhone
		{119581E2-0B57-478C-A3B9-E528180D3B76}.Debug|iPhone.Build.0 = Debug|iPhone
		{119581E2-0B57-478C-A3B9-E528180D3B76}.Debug|iPhone.Deploy.0 = Debug|iPhone
		{119581E2-0B57-478C-A3B9-E528180D3B76}.Debug|iPhoneSimulator.ActiveCfg = Debug|iPhoneSimulator
		{119581E2-0B57-478C-A3B9-E528180D3B76}.Debug|iPhoneSimulator.Build.0 = Debug|iPhoneSimulator
		{119581E2-0B57-478C-A3B9-E528180D3B76}.Debug|iPhoneSimulator.Deploy.0 = Debug|iPhoneSimulator
		{119581E2-0B57-478C-A3B9-E528180D3B76}.Release|Any CPU.ActiveCfg = Release|iPhoneSimulator
		{119581E2-0B57-478C-A3B9-E528180D3B76}.Release|Any CPU.Build.0 = Release|iPhoneSimulator
		{119581E2-0B57-478C-A3B9-E528180D3B76}.Release|Any CPU.Deploy.0 = Release|iPhoneSimulator
		{119581E2-0B57-478C-A3B9-E528180D3B76}.Release|iPhone.ActiveCfg = Release|iPhone
		{119581E2-0B57-478C-A3B9-E528180D3B76}.Release|iPhone.Build.0 = Release|iPhone
		{119581E2-0B57-478C-A3B9-E528180D3B76}.Release|iPhone.Deploy.0 = Release|iPhone
		{119581E2-0B57-478C-A3B9-E528180D3B76}.Release|iPhoneSimulator.ActiveCfg = Release|iPhoneSimulator
		{119581E2-0B57-478C-A3B9-E528180D3B76}.Release|iPhoneSimulator.Build.0 = Release|iPhoneSimulator
		{119581E2-0B57-478C-A3B9-E528180D3B76}.Release|iPhoneSimulator.Deploy.0 = Release|iPhoneSimulator
		{046A6495-EC2C-4A14-B67B-2366014E60F0}.Debug|Any CPU.ActiveCfg = Debug|Any CPU
		{046A6495-EC2C-4A14-B67B-2366014E60F0}.Debug|Any CPU.Build.0 = Debug|Any CPU
		{046A6495-EC2C-4A14-B67B-2366014E60F0}.Debug|Any CPU.Deploy.0 = Debug|Any CPU
		{046A6495-EC2C-4A14-B67B-2366014E60F0}.Debug|iPhone.ActiveCfg = Debug|Any CPU
		{046A6495-EC2C-4A14-B67B-2366014E60F0}.Debug|iPhone.Build.0 = Debug|Any CPU
		{046A6495-EC2C-4A14-B67B-2366014E60F0}.Debug|iPhone.Deploy.0 = Debug|Any CPU
		{046A6495-EC2C-4A14-B67B-2366014E60F0}.Debug|iPhoneSimulator.ActiveCfg = Debug|Any CPU
		{046A6495-EC2C-4A14-B67B-2366014E60F0}.Debug|iPhoneSimulator.Build.0 = Debug|Any CPU
		{046A6495-EC2C-4A14-B67B-2366014E60F0}.Debug|iPhoneSimulator.Deploy.0 = Debug|Any CPU
		{046A6495-EC2C-4A14-B67B-2366014E60F0}.Release|Any CPU.ActiveCfg = Release|Any CPU
		{046A6495-EC2C-4A14-B67B-2366014E60F0}.Release|Any CPU.Build.0 = Release|Any CPU
		{046A6495-EC2C-4A14-B67B-2366014E60F0}.Release|Any CPU.Deploy.0 = Release|Any CPU
		{046A6495-EC2C-4A14-B67B-2366014E60F0}.Release|iPhone.ActiveCfg = Release|Any CPU
		{046A6495-EC2C-4A14-B67B-2366014E60F0}.Release|iPhone.Build.0 = Release|Any CPU
		{046A6495-EC2C-4A14-B67B-2366014E60F0}.Release|iPhone.Deploy.0 = Release|Any CPU
		{046A6495-EC2C-4A14-B67B-2366014E60F0}.Release|iPhoneSimulator.ActiveCfg = Release|Any CPU
		{046A6495-EC2C-4A14-B67B-2366014E60F0}.Release|iPhoneSimulator.Build.0 = Release|Any CPU
		{046A6495-EC2C-4A14-B67B-2366014E60F0}.Release|iPhoneSimulator.Deploy.0 = Release|Any CPU
		{40BFE4BE-EF42-4078-A00F-6F125D0A169F}.Debug|Any CPU.ActiveCfg = Debug|Any CPU
		{40BFE4BE-EF42-4078-A00F-6F125D0A169F}.Debug|Any CPU.Build.0 = Debug|Any CPU
		{40BFE4BE-EF42-4078-A00F-6F125D0A169F}.Debug|iPhone.ActiveCfg = Debug|Any CPU
		{40BFE4BE-EF42-4078-A00F-6F125D0A169F}.Debug|iPhone.Build.0 = Debug|Any CPU
		{40BFE4BE-EF42-4078-A00F-6F125D0A169F}.Debug|iPhoneSimulator.ActiveCfg = Debug|Any CPU
		{40BFE4BE-EF42-4078-A00F-6F125D0A169F}.Debug|iPhoneSimulator.Build.0 = Debug|Any CPU
		{40BFE4BE-EF42-4078-A00F-6F125D0A169F}.Release|Any CPU.ActiveCfg = Release|Any CPU
		{40BFE4BE-EF42-4078-A00F-6F125D0A169F}.Release|Any CPU.Build.0 = Release|Any CPU
		{40BFE4BE-EF42-4078-A00F-6F125D0A169F}.Release|iPhone.ActiveCfg = Release|Any CPU
		{40BFE4BE-EF42-4078-A00F-6F125D0A169F}.Release|iPhone.Build.0 = Release|Any CPU
		{40BFE4BE-EF42-4078-A00F-6F125D0A169F}.Release|iPhoneSimulator.ActiveCfg = Release|Any CPU
		{40BFE4BE-EF42-4078-A00F-6F125D0A169F}.Release|iPhoneSimulator.Build.0 = Release|Any CPU
		{023D8D71-1851-4FC7-AC13-5BE9F659F519}.Debug|Any CPU.ActiveCfg = Debug|Any CPU
		{023D8D71-1851-4FC7-AC13-5BE9F659F519}.Debug|Any CPU.Build.0 = Debug|Any CPU
		{023D8D71-1851-4FC7-AC13-5BE9F659F519}.Debug|iPhone.ActiveCfg = Debug|Any CPU
		{023D8D71-1851-4FC7-AC13-5BE9F659F519}.Debug|iPhone.Build.0 = Debug|Any CPU
		{023D8D71-1851-4FC7-AC13-5BE9F659F519}.Debug|iPhoneSimulator.ActiveCfg = Debug|Any CPU
		{023D8D71-1851-4FC7-AC13-5BE9F659F519}.Debug|iPhoneSimulator.Build.0 = Debug|Any CPU
		{023D8D71-1851-4FC7-AC13-5BE9F659F519}.Release|Any CPU.ActiveCfg = Release|Any CPU
		{023D8D71-1851-4FC7-AC13-5BE9F659F519}.Release|Any CPU.Build.0 = Release|Any CPU
		{023D8D71-1851-4FC7-AC13-5BE9F659F519}.Release|iPhone.ActiveCfg = Release|Any CPU
		{023D8D71-1851-4FC7-AC13-5BE9F659F519}.Release|iPhone.Build.0 = Release|Any CPU
		{023D8D71-1851-4FC7-AC13-5BE9F659F519}.Release|iPhoneSimulator.ActiveCfg = Release|Any CPU
		{023D8D71-1851-4FC7-AC13-5BE9F659F519}.Release|iPhoneSimulator.Build.0 = Release|Any CPU
	EndGlobalSection
	GlobalSection(SolutionProperties) = preSolution
		HideSolutionNode = FALSE
	EndGlobalSection
	GlobalSection(ExtensibilityGlobals) = postSolution
		SolutionGuid = {932E294B-27F1-4EFF-8301-64B5C89CA49A}
	EndGlobalSection
EndGlobal
